
Microsoft Visual Studio Solution File, Format Version 12.00
# Visual Studio Version 16
VisualStudioVersion = 16.0.32228.343
MinimumVisualStudioVersion = 10.0.40219.1
Project("{FAE04EC0-301F-11D3-BF4B-00C04F79EFBC}") = "Generics-Day13", "Generics-Day13\Generics-Day13.csproj", "{482DC5A9-A310-45D4-9FE3-767ED92CE114}"
EndProject
Global
	GlobalSection(SolutionConfigurationPlatforms) = preSolution
		Debug|Any CPU = Debug|Any CPU
		Release|Any CPU = Release|Any CPU
	EndGlobalSection
	GlobalSection(ProjectConfigurationPlatforms) = postSolution
		{482DC5A9-A310-45D4-9FE3-767ED92CE114}.Debug|Any CPU.ActiveCfg = Debug|Any CPU
		{482DC5A9-A310-45D4-9FE3-767ED92CE114}.Debug|Any CPU.Build.0 = Debug|Any CPU
		{482DC5A9-A310-45D4-9FE3-767ED92CE114}.Release|Any CPU.ActiveCfg = Release|Any CPU
		{482DC5A9-A310-45D4-9FE3-767ED92CE114}.Release|Any CPU.Build.0 = Release|Any CPU
	EndGlobalSection
	GlobalSection(SolutionProperties) = preSolution
		HideSolutionNode = FALSE
	EndGlobalSection
	GlobalSection(ExtensibilityGlobals) = postSolution
		SolutionGuid = {9D49672D-FCEC-49C4-BC9A-25BCCBB388CD}
	EndGlobalSection
EndGlobal
